
Microsoft Visual Studio Solution File, Format Version 12.00
# Visual Studio Version 17
VisualStudioVersion = 17.0.31903.59
MinimumVisualStudioVersion = 10.0.40219.1
Project("{2150E333-8FDC-42A3-9474-1A3956D46DE8}") = "src", "src", "{827E0CD3-B72D-47B6-A68D-7590B98EB39B}"
EndProject
Project("{FAE04EC0-301F-11D3-BF4B-00C04F79EFBC}") = "HelloWorld", "src\HelloWorld\HelloWorld.csproj", "{3ADBA7EA-3DE1-4545-93C4-39C180C59F13}"
EndProject
Project("{FAE04EC0-301F-11D3-BF4B-00C04F79EFBC}") = "HashGuard.Desktop", "src\HashGuard.Desktop\HashGuard.Desktop.csproj", "{D408D642-6332-42A7-986B-10F39F23C5CC}"
EndProject
Project("{FAE04EC0-301F-11D3-BF4B-00C04F79EFBC}") = "HashGuard.Tests", "src\HashGuard.Tests\HashGuard.Tests.csproj", "{8CAC4D30-24F4-4E65-8BE5-606C01369C84}"
EndProject
Global
	GlobalSection(SolutionConfigurationPlatforms) = preSolution
		Debug|Any CPU = Debug|Any CPU
		Debug|x64 = Debug|x64
		Debug|x86 = Debug|x86
		Release|Any CPU = Release|Any CPU
		Release|x64 = Release|x64
		Release|x86 = Release|x86
	EndGlobalSection
	GlobalSection(ProjectConfigurationPlatforms) = postSolution
		{3ADBA7EA-3DE1-4545-93C4-39C180C59F13}.Debug|Any CPU.ActiveCfg = Debug|Any CPU
		{3ADBA7EA-3DE1-4545-93C4-39C180C59F13}.Debug|Any CPU.Build.0 = Debug|Any CPU
		{3ADBA7EA-3DE1-4545-93C4-39C180C59F13}.Debug|x64.ActiveCfg = Debug|Any CPU
		{3ADBA7EA-3DE1-4545-93C4-39C180C59F13}.Debug|x64.Build.0 = Debug|Any CPU
		{3ADBA7EA-3DE1-4545-93C4-39C180C59F13}.Debug|x86.ActiveCfg = Debug|Any CPU
		{3ADBA7EA-3DE1-4545-93C4-39C180C59F13}.Debug|x86.Build.0 = Debug|Any CPU
		{3ADBA7EA-3DE1-4545-93C4-39C180C59F13}.Release|Any CPU.ActiveCfg = Release|Any CPU
		{3ADBA7EA-3DE1-4545-93C4-39C180C59F13}.Release|Any CPU.Build.0 = Release|Any CPU
		{3ADBA7EA-3DE1-4545-93C4-39C180C59F13}.Release|x64.ActiveCfg = Release|Any CPU
		{3ADBA7EA-3DE1-4545-93C4-39C180C59F13}.Release|x64.Build.0 = Release|Any CPU
		{3ADBA7EA-3DE1-4545-93C4-39C180C59F13}.Release|x86.ActiveCfg = Release|Any CPU
		{3ADBA7EA-3DE1-4545-93C4-39C180C59F13}.Release|x86.Build.0 = Release|Any CPU
		{D408D642-6332-42A7-986B-10F39F23C5CC}.Debug|Any CPU.ActiveCfg = Debug|Any CPU
		{D408D642-6332-42A7-986B-10F39F23C5CC}.Debug|Any CPU.Build.0 = Debug|Any CPU
		{D408D642-6332-42A7-986B-10F39F23C5CC}.Debug|x64.ActiveCfg = Debug|Any CPU
		{D408D642-6332-42A7-986B-10F39F23C5CC}.Debug|x64.Build.0 = Debug|Any CPU
		{D408D642-6332-42A7-986B-10F39F23C5CC}.Debug|x86.ActiveCfg = Debug|Any CPU
		{D408D642-6332-42A7-986B-10F39F23C5CC}.Debug|x86.Build.0 = Debug|Any CPU
		{D408D642-6332-42A7-986B-10F39F23C5CC}.Release|Any CPU.ActiveCfg = Release|Any CPU
		{D408D642-6332-42A7-986B-10F39F23C5CC}.Release|Any CPU.Build.0 = Release|Any CPU
		{D408D642-6332-42A7-986B-10F39F23C5CC}.Release|x64.ActiveCfg = Release|Any CPU
		{D408D642-6332-42A7-986B-10F39F23C5CC}.Release|x64.Build.0 = Release|Any CPU
		{D408D642-6332-42A7-986B-10F39F23C5CC}.Release|x86.ActiveCfg = Release|Any CPU
		{D408D642-6332-42A7-986B-10F39F23C5CC}.Release|x86.Build.0 = Release|Any CPU
		{8CAC4D30-24F4-4E65-8BE5-606C01369C84}.Debug|Any CPU.ActiveCfg = Debug|Any CPU
		{8CAC4D30-24F4-4E65-8BE5-606C01369C84}.Debug|Any CPU.Build.0 = Debug|Any CPU
		{8CAC4D30-24F4-4E65-8BE5-606C01369C84}.Debug|x64.ActiveCfg = Debug|Any CPU
		{8CAC4D30-24F4-4E65-8BE5-606C01369C84}.Debug|x64.Build.0 = Debug|Any CPU
		{8CAC4D30-24F4-4E65-8BE5-606C01369C84}.Debug|x86.ActiveCfg = Debug|Any CPU
		{8CAC4D30-24F4-4E65-8BE5-606C01369C84}.Debug|x86.Build.0 = Debug|Any CPU
		{8CAC4D30-24F4-4E65-8BE5-606C01369C84}.Release|Any CPU.ActiveCfg = Release|Any CPU
		{8CAC4D30-24F4-4E65-8BE5-606C01369C84}.Release|Any CPU.Build.0 = Release|Any CPU
		{8CAC4D30-24F4-4E65-8BE5-606C01369C84}.Release|x64.ActiveCfg = Release|Any CPU
		{8CAC4D30-24F4-4E65-8BE5-606C01369C84}.Release|x64.Build.0 = Release|Any CPU
		{8CAC4D30-24F4-4E65-8BE5-606C01369C84}.Release|x86.ActiveCfg = Release|Any CPU
		{8CAC4D30-24F4-4E65-8BE5-606C01369C84}.Release|x86.Build.0 = Release|Any CPU
	EndGlobalSection
	GlobalSection(SolutionProperties) = preSolution
		HideSolutionNode = FALSE
	EndGlobalSection
	GlobalSection(NestedProjects) = preSolution
		{3ADBA7EA-3DE1-4545-93C4-39C180C59F13} = {827E0CD3-B72D-47B6-A68D-7590B98EB39B}
		{D408D642-6332-42A7-986B-10F39F23C5CC} = {827E0CD3-B72D-47B6-A68D-7590B98EB39B}
		{8CAC4D30-24F4-4E65-8BE5-606C01369C84} = {827E0CD3-B72D-47B6-A68D-7590B98EB39B}
	EndGlobalSection
EndGlobal
